
Microsoft Visual Studio Solution File, Format Version 12.00
# Visual Studio Version 16
VisualStudioVersion = 16.0.29209.62
MinimumVisualStudioVersion = 10.0.40219.1
Project("{9A19103F-16F7-4668-BE54-9A1E7A4F7556}") = "DaemonCenter", "DaemonCenter\DaemonCenter.csproj", "{BA6579E6-C663-4CCC-9123-5ADA26D6BB84}"
EndProject
Project("{D954291E-2A0B-460D-934E-DC6B0785DB48}") = "Cores.Basic", "..\..\Cores.Basic\Cores.Basic.shproj", "{1C674893-7C84-4E7C-834E-6E2370225DA0}"
EndProject
Project("{9A19103F-16F7-4668-BE54-9A1E7A4F7556}") = "Cores.Lib.Basic.DotNet2.1.Full", "..\..\Cores.Lib\Cores.Lib.Basic.DotNet2.1.Full\Cores.Lib.Basic.DotNet2.1.Full.csproj", "{DF8D777F-2BF8-467E-88F0-21D4F97E1316}"
EndProject
Project("{D954291E-2A0B-460D-934E-DC6B0785DB48}") = "Cores.Codes", "..\..\Cores.Codes\Cores.Codes.shproj", "{1C674893-7C84-4E7A-834E-6E2370225D99}"
EndProject
Global
	GlobalSection(SharedMSBuildProjectFiles) = preSolution
		..\..\Cores.Codes\Cores.Codes.projitems*{1c674893-7c84-4e7a-834e-6e2370225d99}*SharedItemsImports = 13
		..\..\Cores.Basic\Cores.Basic.projitems*{1c674893-7c84-4e7c-834e-6e2370225da0}*SharedItemsImports = 13
	EndGlobalSection
	GlobalSection(SolutionConfigurationPlatforms) = preSolution
		Debug|Any CPU = Debug|Any CPU
		Release|Any CPU = Release|Any CPU
	EndGlobalSection
	GlobalSection(ProjectConfigurationPlatforms) = postSolution
		{BA6579E6-C663-4CCC-9123-5ADA26D6BB84}.Debug|Any CPU.ActiveCfg = Debug|Any CPU
		{BA6579E6-C663-4CCC-9123-5ADA26D6BB84}.Debug|Any CPU.Build.0 = Debug|Any CPU
		{BA6579E6-C663-4CCC-9123-5ADA26D6BB84}.Release|Any CPU.ActiveCfg = Release|Any CPU
		{BA6579E6-C663-4CCC-9123-5ADA26D6BB84}.Release|Any CPU.Build.0 = Release|Any CPU
		{DF8D777F-2BF8-467E-88F0-21D4F97E1316}.Debug|Any CPU.ActiveCfg = Debug|Any CPU
		{DF8D777F-2BF8-467E-88F0-21D4F97E1316}.Debug|Any CPU.Build.0 = Debug|Any CPU
		{DF8D777F-2BF8-467E-88F0-21D4F97E1316}.Release|Any CPU.ActiveCfg = Release|Any CPU
		{DF8D777F-2BF8-467E-88F0-21D4F97E1316}.Release|Any CPU.Build.0 = Release|Any CPU
	EndGlobalSection
	GlobalSection(SolutionProperties) = preSolution
		HideSolutionNode = FALSE
	EndGlobalSection
	GlobalSection(ExtensibilityGlobals) = postSolution
		SolutionGuid = {A43299A7-1EA0-4C1A-B40A-3CE6FED21543}
	EndGlobalSection
EndGlobal
