
Microsoft Visual Studio Solution File, Format Version 12.00
# Visual Studio Version 17
VisualStudioVersion = 17.0.31903.59
MinimumVisualStudioVersion = 10.0.40219.1
Project("{FAE04EC0-301F-11D3-BF4B-00C04F79EFBC}") = "DebugHost", "DebugHost\DebugHost.csproj", "{09BA4C20-F8FA-447B-A254-F0EE90A8D3C4}"
EndProject
Global
	GlobalSection(SolutionConfigurationPlatforms) = preSolution
		Debug|Any CPU = Debug|Any CPU
		Release|Any CPU = Release|Any CPU
	EndGlobalSection
	GlobalSection(ProjectConfigurationPlatforms) = postSolution
		{09BA4C20-F8FA-447B-A254-F0EE90A8D3C4}.Debug|Any CPU.ActiveCfg = Debug|Any CPU
		{09BA4C20-F8FA-447B-A254-F0EE90A8D3C4}.Debug|Any CPU.Build.0 = Debug|Any CPU
		{09BA4C20-F8FA-447B-A254-F0EE90A8D3C4}.Release|Any CPU.ActiveCfg = Release|Any CPU
		{09BA4C20-F8FA-447B-A254-F0EE90A8D3C4}.Release|Any CPU.Build.0 = Release|Any CPU
	EndGlobalSection
	GlobalSection(SolutionProperties) = preSolution
		HideSolutionNode = FALSE
	EndGlobalSection
	GlobalSection(ExtensibilityGlobals) = postSolution
		SolutionGuid = {D4BE6064-DE5A-4A3E-8C68-E113E3424FC3}
	EndGlobalSection
EndGlobal
