
Microsoft Visual Studio Solution File, Format Version 12.00
# Visual Studio Version 17
VisualStudioVersion = 17.2.32526.322
MinimumVisualStudioVersion = 10.0.40219.1
Project("{FAE04EC0-301F-11D3-BF4B-00C04F79EFBC}") = "WriteTimeStamp", "WriteTimeStamp\WriteTimeStamp.csproj", "{01246E45-9F7F-4A23-AD98-7D1C00CE4D20}"
EndProject
Global
	GlobalSection(SolutionConfigurationPlatforms) = preSolution
		Debug|Any CPU = Debug|Any CPU
		Release|Any CPU = Release|Any CPU
	EndGlobalSection
	GlobalSection(ProjectConfigurationPlatforms) = postSolution
		{01246E45-9F7F-4A23-AD98-7D1C00CE4D20}.Debug|Any CPU.ActiveCfg = Debug|Any CPU
		{01246E45-9F7F-4A23-AD98-7D1C00CE4D20}.Debug|Any CPU.Build.0 = Debug|Any CPU
		{01246E45-9F7F-4A23-AD98-7D1C00CE4D20}.Release|Any CPU.ActiveCfg = Release|Any CPU
		{01246E45-9F7F-4A23-AD98-7D1C00CE4D20}.Release|Any CPU.Build.0 = Release|Any CPU
	EndGlobalSection
	GlobalSection(SolutionProperties) = preSolution
		HideSolutionNode = FALSE
	EndGlobalSection
	GlobalSection(ExtensibilityGlobals) = postSolution
		SolutionGuid = {0101257D-DEB7-48DA-888C-B842432CD1F1}
	EndGlobalSection
EndGlobal
